
Microsoft Visual Studio Solution File, Format Version 12.00
# Visual Studio 15
VisualStudioVersion = 15.0.26730.10
MinimumVisualStudioVersion = 10.0.40219.1
Project("{9A19103F-16F7-4668-BE54-9A1E7A4F7556}") = "AspNetCoreServers.FastCgi", "AspNetCoreServers.FastCgi\AspNetCoreServers.FastCgi.csproj", "{FFE58129-379E-4286-A167-12F2241BF35D}"
EndProject
Project("{9A19103F-16F7-4668-BE54-9A1E7A4F7556}") = "AspNetCoreServers.Caddy", "AspNetCoreServers.Caddy\AspNetCoreServers.Caddy.csproj", "{0D9A2D1E-FCFF-4B1B-8AA5-098706FAC7F9}"
EndProject
Project("{9A19103F-16F7-4668-BE54-9A1E7A4F7556}") = "AspNetCoreServers.Caddy.FastCgi", "AspNetCoreServers.Caddy.FastCgi\AspNetCoreServers.Caddy.FastCgi.csproj", "{38250971-95D2-4DF3-BB24-4E28537A0C45}"
EndProject
Project("{9A19103F-16F7-4668-BE54-9A1E7A4F7556}") = "AspNetCoreServers.Examples", "AspNetCoreServers.Examples\AspNetCoreServers.Examples.csproj", "{E8487112-DBF2-4622-A2A4-C9A0B37648B2}"
EndProject
Project("{2150E333-8FDC-42A3-9474-1A3956D46DE8}") = "Solution Items", "Solution Items", "{B0B466D0-C369-40B4-80D7-368DB2DB036A}"
	ProjectSection(SolutionItems) = preProject
		README.md = README.md
	EndProjectSection
EndProject
Project("{FAE04EC0-301F-11D3-BF4B-00C04F79EFBC}") = "Fos", "FastCgiOwinServer\Fos\Fos.csproj", "{768202EE-B788-4265-B808-09DEACC99839}"
EndProject
Global
	GlobalSection(SolutionConfigurationPlatforms) = preSolution
		Debug|Any CPU = Debug|Any CPU
		Release|Any CPU = Release|Any CPU
	EndGlobalSection
	GlobalSection(ProjectConfigurationPlatforms) = postSolution
		{FFE58129-379E-4286-A167-12F2241BF35D}.Debug|Any CPU.ActiveCfg = Debug|Any CPU
		{FFE58129-379E-4286-A167-12F2241BF35D}.Debug|Any CPU.Build.0 = Debug|Any CPU
		{FFE58129-379E-4286-A167-12F2241BF35D}.Release|Any CPU.ActiveCfg = Release|Any CPU
		{FFE58129-379E-4286-A167-12F2241BF35D}.Release|Any CPU.Build.0 = Release|Any CPU
		{0D9A2D1E-FCFF-4B1B-8AA5-098706FAC7F9}.Debug|Any CPU.ActiveCfg = Debug|Any CPU
		{0D9A2D1E-FCFF-4B1B-8AA5-098706FAC7F9}.Debug|Any CPU.Build.0 = Debug|Any CPU
		{0D9A2D1E-FCFF-4B1B-8AA5-098706FAC7F9}.Release|Any CPU.ActiveCfg = Release|Any CPU
		{0D9A2D1E-FCFF-4B1B-8AA5-098706FAC7F9}.Release|Any CPU.Build.0 = Release|Any CPU
		{38250971-95D2-4DF3-BB24-4E28537A0C45}.Debug|Any CPU.ActiveCfg = Debug|Any CPU
		{38250971-95D2-4DF3-BB24-4E28537A0C45}.Debug|Any CPU.Build.0 = Debug|Any CPU
		{38250971-95D2-4DF3-BB24-4E28537A0C45}.Release|Any CPU.ActiveCfg = Release|Any CPU
		{38250971-95D2-4DF3-BB24-4E28537A0C45}.Release|Any CPU.Build.0 = Release|Any CPU
		{E8487112-DBF2-4622-A2A4-C9A0B37648B2}.Debug|Any CPU.ActiveCfg = Debug|Any CPU
		{E8487112-DBF2-4622-A2A4-C9A0B37648B2}.Debug|Any CPU.Build.0 = Debug|Any CPU
		{E8487112-DBF2-4622-A2A4-C9A0B37648B2}.Release|Any CPU.ActiveCfg = Release|Any CPU
		{E8487112-DBF2-4622-A2A4-C9A0B37648B2}.Release|Any CPU.Build.0 = Release|Any CPU
		{768202EE-B788-4265-B808-09DEACC99839}.Debug|Any CPU.ActiveCfg = Debug|Any CPU
		{768202EE-B788-4265-B808-09DEACC99839}.Debug|Any CPU.Build.0 = Debug|Any CPU
		{768202EE-B788-4265-B808-09DEACC99839}.Release|Any CPU.ActiveCfg = Release|Any CPU
		{768202EE-B788-4265-B808-09DEACC99839}.Release|Any CPU.Build.0 = Release|Any CPU
	EndGlobalSection
	GlobalSection(SolutionProperties) = preSolution
		HideSolutionNode = FALSE
	EndGlobalSection
	GlobalSection(ExtensibilityGlobals) = postSolution
		SolutionGuid = {86F04B34-69B3-4228-9F42-22DF468D4BDC}
	EndGlobalSection
EndGlobal
